--index-url https://mirrors.tuna.tsinghua.edu.cn/pypi/web/simple

argsense==0.5.2 ; python_version >= "3.8" and python_version < "4.0"
lambda-ex==1.1.0 ; python_version >= "3.8" and python_version < "4.0"
lk-logger==5.6.2 ; python_version >= "3.8" and python_version < "4.0"
lk-utils==2.6.0 ; python_version >= "3.8" and python_version < "4.0"
markdown-it-py==3.0.0 ; python_version >= "3.8" and python_version < "4.0"
mdurl==0.1.2 ; python_version >= "3.8" and python_version < "4.0"
packaging==23.1 ; python_version >= "3.8" and python_version < "4.0"
pygments==2.16.1 ; python_version >= "3.8" and python_version < "4.0"
pyyaml==6.0.1 ; python_version >= "3.8" and python_version < "4.0"
qtpy==2.3.1 ; python_version >= "3.8" and python_version < "4.0"
rich==13.5.2 ; python_version >= "3.8" and python_version < "4.0"
typing-extensions==4.7.1 ; python_version >= "3.8" and python_version < "4.0"
